<?xml version="1.0" encoding="utf-8"?>
<Project ToolsVersion="4.0" xmlns="http://schemas.microsoft.com/developer/msbuild/2003">
  <ItemGroup>
    <Filter Include="源文件">
      <UniqueIdentifier>{4FC737F1-C7A5-4376-A066-2A32D752A2FF}</UniqueIdentifier>
      <Extensions>cpp;c;cc;cxx;def;odl;idl;hpj;bat;asm;asmx</Extensions>
    </Filter>
    <Filter Include="头文件">
      <UniqueIdentifier>{93995380-89BD-4b04-88EB-625FBE52EBFB}</UniqueIdentifier>
      <Extensions>h;hpp;hxx;hm;inl;inc;xsd</Extensions>
    </Filter>
    <Filter Include="资源文件">
      <UniqueIdentifier>{67DA6AB6-F800-4c08-8B7A-83BB121AAD01}</UniqueIdentifier>
      <Extensions>rc;ico;cur;bmp;dlg;rc2;rct;bin;rgs;gif;jpg;jpeg;jpe;resx;tiff;tif;png;wav;mfcribbon-ms</Extensions>
    </Filter>
    <Filter Include="Plugin">
      <UniqueIdentifier>{6b6bc5b6-9a3c-4f07-9e52-7df6f410c77b}</UniqueIdentifier>
    </Filter>
  </ItemGroup>
  <ItemGroup>
    <ClInclude Include="IOCPBuffer.h">
      <Filter>头文件</Filter>
    </ClInclude>
    <ClInclude Include="IOCPMutex.h">
      <Filter>头文件</Filter>
    </ClInclude>
    <ClInclude Include="IOCPCommon.h">
      <Filter>头文件</Filter>
    </ClInclude>
    <ClInclude Include="IOCPQueue.h">
      <Filter>头文件</Filter>
    </ClInclude>
    <ClInclude Include="RunObject.h">
      <Filter>头文件</Filter>
    </ClInclude>
    <ClInclude Include="ThreadPool.h">
      <Filter>头文件</Filter>
    </ClInclude>
    <ClInclude Include="BaseIOCPServer.h">
      <Filter>头文件</Filter>
    </ClInclude>
    <ClInclude Include="IOCPMemoryOverride.h">
      <Filter>头文件</Filter>
    </ClInclude>
    <ClInclude Include="IOCPMemPool.h">
      <Filter>头文件</Filter>
    </ClInclude>
    <ClInclude Include="IOCPBufferWriter.h">
      <Filter>头文件</Filter>
    </ClInclude>
    <ClInclude Include="IOCPBufferReader.h">
      <Filter>头文件</Filter>
    </ClInclude>
    <ClInclude Include="PackageIOCP.h">
      <Filter>Plugin</Filter>
    </ClInclude>
    <ClInclude Include="TextIOCPClient.h">
      <Filter>Plugin</Filter>
    </ClInclude>
    <ClInclude Include="TextIOCPServer.h">
      <Filter>Plugin</Filter>
    </ClInclude>
    <ClInclude Include="PackageIOCPClient.h">
      <Filter>Plugin</Filter>
    </ClInclude>
  </ItemGroup>
  <ItemGroup>
    <ClCompile Include="IOCPBuffer.cpp">
      <Filter>源文件</Filter>
    </ClCompile>
    <ClCompile Include="IOCPDebug.cpp">
      <Filter>源文件</Filter>
    </ClCompile>
    <ClCompile Include="ThreadPool.cpp">
      <Filter>源文件</Filter>
    </ClCompile>
    <ClCompile Include="BaseIOCPServer.cpp">
      <Filter>源文件</Filter>
    </ClCompile>
    <ClCompile Include="TextIOCPServer.cpp">
      <Filter>Plugin</Filter>
    </ClCompile>
    <ClCompile Include="TextIOCPClient.cpp">
      <Filter>Plugin</Filter>
    </ClCompile>
    <ClCompile Include="PackageIOCP.cpp">
      <Filter>Plugin</Filter>
    </ClCompile>
    <ClCompile Include="PackageIOCPClient.cpp">
      <Filter>Plugin</Filter>
    </ClCompile>
  </ItemGroup>
</Project>